
Microsoft Visual Studio Solution File, Format Version 12.00
# Visual Studio Version 16
VisualStudioVersion = 16.0.31624.102
MinimumVisualStudioVersion = 10.0.40219.1
Project("{888888A0-9F3D-457C-B088-3A5042F75D52}") = "CaraCara", "CaraCara.pyproj", "{BA7417E2-80CF-4D0E-B4B9-142723FFA663}"
EndProject
Global
	GlobalSection(SolutionConfigurationPlatforms) = preSolution
		Debug|Any CPU = Debug|Any CPU
		Release|Any CPU = Release|Any CPU
	EndGlobalSection
	GlobalSection(ProjectConfigurationPlatforms) = postSolution
		{BA7417E2-80CF-4D0E-B4B9-142723FFA663}.Debug|Any CPU.ActiveCfg = Debug|Any CPU
		{BA7417E2-80CF-4D0E-B4B9-142723FFA663}.Release|Any CPU.ActiveCfg = Release|Any CPU
	EndGlobalSection
	GlobalSection(SolutionProperties) = preSolution
		HideSolutionNode = FALSE
	EndGlobalSection
	GlobalSection(ExtensibilityGlobals) = postSolution
		SolutionGuid = {A61BE959-7F2D-4320-812E-31E33E2C9C75}
	EndGlobalSection
EndGlobal
